PODS:
  - Alamofire (4.5.0)
  - DLRadioButton (1.4.9)
  - SDWebImage (4.0.0):
    - SDWebImage/Core (= 4.0.0)
  - SDWebImage/Core (4.0.0)

DEPENDENCIES:
  - Alamofire (~> 4.0)
  - DLRadioButton (~> 1.4)
  - SDWebImage (~> 4.0)

SPEC CHECKSUMS:
  Alamofire: f28cdffd29de33a7bfa022cbd63ae95a27fae140
  DLRadioButton: 7bb8a6e3768b572469ace553391ab4d2af6f9c19
  SDWebImage: 76a6348bdc74eb5a55dd08a091ef298e56b55e41

PODFILE CHECKSUM: 61e34aec156f70e740f8854d7f2432f5cd6ca211

COCOAPODS: 1.2.1
