// !$*UTF8*$!
{
	archiveVersion = 1;
	classes = {
	};
	objectVersion = 46;
	objects = {

/* Begin PBXBuildFile section */
		324397DD1F25E2EB008F4A3F /* UDHomeDeliveryViewController.swift in Sources */ = {isa = PBXBuildFile; fileRef = 324397DC1F25E2EB008F4A3F /* UDHomeDeliveryViewController.swift */; };
		324397DF1F25E312008F4A3F /* UDBookingViewController.swift in Sources */ = {isa = PBXBuildFile; fileRef = 324397DE1F25E312008F4A3F /* UDBookingViewController.swift */; };
		324397E21F25E338008F4A3F /* UDMainViewController.swift in Sources */ = {isa = PBXBuildFile; fileRef = 324397E01F25E338008F4A3F /* UDMainViewController.swift */; };
		324397E31F25E338008F4A3F /* UDMainNavigationViewController.swift in Sources */ = {isa = PBXBuildFile; fileRef = 324397E11F25E338008F4A3F /* UDMainNavigationViewController.swift */; };
		324397E51F25E356008F4A3F /* LoginViewController.swift in Sources */ = {isa = PBXBuildFile; fileRef = 324397E41F25E356008F4A3F /* LoginViewController.swift */; };
		324397E71F25E376008F4A3F /* UDWebserviceConnection.swift in Sources */ = {isa = PBXBuildFile; fileRef = 324397E61F25E376008F4A3F /* UDWebserviceConnection.swift */; };
		324397EA1F25E39D008F4A3F /* UDHomeViewController.swift in Sources */ = {isa = PBXBuildFile; fileRef = 324397E81F25E39D008F4A3F /* UDHomeViewController.swift */; };
		324397EB1F25E39D008F4A3F /* UDDishCollectionViewCell.swift in Sources */ = {isa = PBXBuildFile; fileRef = 324397E91F25E39D008F4A3F /* UDDishCollectionViewCell.swift */; };
		324397F71F25E587008F4A3F /* Info.plist in Resources */ = {isa = PBXBuildFile; fileRef = 324397F61F25E587008F4A3F /* Info.plist */; };
		324397FA1F2611B4008F4A3F /* Assets.xcassets in Resources */ = {isa = PBXBuildFile; fileRef = 324397F81F2611B4008F4A3F /* Assets.xcassets */; };
		324397FB1F2611B4008F4A3F /* GoogleService-Info.plist in Resources */ = {isa = PBXBuildFile; fileRef = 324397F91F2611B4008F4A3F /* GoogleService-Info.plist */; };
		32BC245E1F075CEF008661BD /* AppDelegate.swift in Sources */ = {isa = PBXBuildFile; fileRef = 32BC245D1F075CEF008661BD /* AppDelegate.swift */; };
		32BC24631F075CEF008661BD /* Main.storyboard in Resources */ = {isa = PBXBuildFile; fileRef = 32BC24611F075CEF008661BD /* Main.storyboard */; };
		32BC24681F075CEF008661BD /* LaunchScreen.storyboard in Resources */ = {isa = PBXBuildFile; fileRef = 32BC24661F075CEF008661BD /* LaunchScreen.storyboard */; };
		32F00A881F10E7F10094E956 /* StoreKit.framework in Frameworks */ = {isa = PBXBuildFile; fileRef = 32F00A871F10E7F10094E956 /* StoreKit.framework */; };
		32F00A8A1F10E7FB0094E956 /* SystemConfiguration.framework in Frameworks */ = {isa = PBXBuildFile; fileRef = 32F00A891F10E7FB0094E956 /* SystemConfiguration.framework */; };
		32F00A8C1F10E8080094E956 /* AddressBook.framework in Frameworks */ = {isa = PBXBuildFile; fileRef = 32F00A8B1F10E8080094E956 /* AddressBook.framework */; };
		32FB7D561F27AE9C00B73466 /* UDFacilitiesBookingTableViewCell.swift in Sources */ = {isa = PBXBuildFile; fileRef = 32FB7D551F27AE9C00B73466 /* UDFacilitiesBookingTableViewCell.swift */; };
		32FB7D581F27B31900B73466 /* UDFacilitiesBookingTableViewCell.xib in Resources */ = {isa = PBXBuildFile; fileRef = 32FB7D571F27B31900B73466 /* UDFacilitiesBookingTableViewCell.xib */; };
		4457AB8D60F1BABADFC431EE /* Pods_UpperDeck.framework in Frameworks */ = {isa = PBXBuildFile; fileRef = AB5D3B3A2A30A00BA748CD62 /* Pods_UpperDeck.framework */; };
/* End PBXBuildFile section */

/* Begin PBXFileReference section */
		0FA42193346343DFC9EB04E9 /* Pods-UpperDeck.debug.xcconfig */ = {isa = PBXFileReference; includeInIndex = 1; lastKnownFileType = text.xcconfig; name = "Pods-UpperDeck.debug.xcconfig"; path = "Pods/Target Support Files/Pods-UpperDeck/Pods-UpperDeck.debug.xcconfig"; sourceTree = "<group>"; };
		31DC48FA4510581EE9A8A2DA /* Pods-UpperDeck.release.xcconfig */ = {isa = PBXFileReference; includeInIndex = 1; lastKnownFileType = text.xcconfig; name = "Pods-UpperDeck.release.xcconfig"; path = "Pods/Target Support Files/Pods-UpperDeck/Pods-UpperDeck.release.xcconfig"; sourceTree = "<group>"; };
		324397DC1F25E2EB008F4A3F /* UDHomeDeliveryViewController.swift */ = {isa = PBXFileReference; fileEncoding = 4; lastKnownFileType = sourcecode.swift; name = UDHomeDeliveryViewController.swift; path = "Home Delivery/UDHomeDeliveryViewController.swift"; sourceTree = "<group>"; };
		324397DE1F25E312008F4A3F /* UDBookingViewController.swift */ = {isa = PBXFileReference; fileEncoding = 4; lastKnownFileType = sourcecode.swift; name = UDBookingViewController.swift; path = Booking/UDBookingViewController.swift; sourceTree = "<group>"; };
		324397E01F25E338008F4A3F /* UDMainViewController.swift */ = {isa = PBXFileReference; fileEncoding = 4; lastKnownFileType = sourcecode.swift; name = UDMainViewController.swift; path = Main/UDMainViewController.swift; sourceTree = "<group>"; };
		324397E11F25E338008F4A3F /* UDMainNavigationViewController.swift */ = {isa = PBXFileReference; fileEncoding = 4; lastKnownFileType = sourcecode.swift; name = UDMainNavigationViewController.swift; path = Main/UDMainNavigationViewController.swift; sourceTree = "<group>"; };
		324397E41F25E356008F4A3F /* LoginViewController.swift */ = {isa = PBXFileReference; fileEncoding = 4; lastKnownFileType = sourcecode.swift; name = LoginViewController.swift; path = Login/LoginViewController.swift; sourceTree = "<group>"; };
		324397E61F25E376008F4A3F /* UDWebserviceConnection.swift */ = {isa = PBXFileReference; fileEncoding = 4; lastKnownFileType = sourcecode.swift; name = UDWebserviceConnection.swift; path = Webservice/UDWebserviceConnection.swift; sourceTree = "<group>"; };
		324397E81F25E39D008F4A3F /* UDHomeViewController.swift */ = {isa = PBXFileReference; fileEncoding = 4; lastKnownFileType = sourcecode.swift; name = UDHomeViewController.swift; path = Home/UDHomeViewController.swift; sourceTree = "<group>"; };
		324397E91F25E39D008F4A3F /* UDDishCollectionViewCell.swift */ = {isa = PBXFileReference; fileEncoding = 4; lastKnownFileType = sourcecode.swift; name = UDDishCollectionViewCell.swift; path = Home/UDDishCollectionViewCell.swift; sourceTree = "<group>"; };
		324397F51F25E54F008F4A3F /* UpperDeck-Bridging-Header.h */ = {isa = PBXFileReference; fileEncoding = 4; lastKnownFileType = sourcecode.c.h; path = "UpperDeck-Bridging-Header.h"; sourceTree = "<group>"; };
		324397F61F25E587008F4A3F /* Info.plist */ = {isa = PBXFileReference; fileEncoding = 4; lastKnownFileType = text.plist.xml; path = Info.plist; sourceTree = "<group>"; };
		324397F81F2611B4008F4A3F /* Assets.xcassets */ = {isa = PBXFileReference; lastKnownFileType = folder.assetcatalog; path = Assets.xcassets; sourceTree = "<group>"; };
		324397F91F2611B4008F4A3F /* GoogleService-Info.plist */ = {isa = PBXFileReference; fileEncoding = 4; lastKnownFileType = text.plist.xml; path = "GoogleService-Info.plist"; sourceTree = "<group>"; };
		32BC245A1F075CEF008661BD /* UpperDeck.app */ = {isa = PBXFileReference; explicitFileType = wrapper.application; includeInIndex = 0; path = UpperDeck.app; sourceTree = BUILT_PRODUCTS_DIR; };
		32BC245D1F075CEF008661BD /* AppDelegate.swift */ = {isa = PBXFileReference; lastKnownFileType = sourcecode.swift; path = AppDelegate.swift; sourceTree = "<group>"; };
		32BC24621F075CEF008661BD /* Base */ = {isa = PBXFileReference; lastKnownFileType = file.storyboard; name = Base; path = Base.lproj/Main.storyboard; sourceTree = "<group>"; };
		32BC24671F075CEF008661BD /* Base */ = {isa = PBXFileReference; lastKnownFileType = file.storyboard; name = Base; path = Base.lproj/LaunchScreen.storyboard; sourceTree = "<group>"; };
		32F00A871F10E7F10094E956 /* StoreKit.framework */ = {isa = PBXFileReference; lastKnownFileType = wrapper.framework; name = StoreKit.framework; path = System/Library/Frameworks/StoreKit.framework; sourceTree = SDKROOT; };
		32F00A891F10E7FB0094E956 /* SystemConfiguration.framework */ = {isa = PBXFileReference; lastKnownFileType = wrapper.framework; name = SystemConfiguration.framework; path = System/Library/Frameworks/SystemConfiguration.framework; sourceTree = SDKROOT; };
		32F00A8B1F10E8080094E956 /* AddressBook.framework */ = {isa = PBXFileReference; lastKnownFileType = wrapper.framework; name = AddressBook.framework; path = System/Library/Frameworks/AddressBook.framework; sourceTree = SDKROOT; };
		32FB7D551F27AE9C00B73466 /* UDFacilitiesBookingTableViewCell.swift */ = {isa = PBXFileReference; fileEncoding = 4; lastKnownFileType = sourcecode.swift; name = UDFacilitiesBookingTableViewCell.swift; path = Booking/UDFacilitiesBookingTableViewCell.swift; sourceTree = "<group>"; };
		32FB7D571F27B31900B73466 /* UDFacilitiesBookingTableViewCell.xib */ = {isa = PBXFileReference; fileEncoding = 4; lastKnownFileType = file.xib; name = UDFacilitiesBookingTableViewCell.xib; path = Booking/UDFacilitiesBookingTableViewCell.xib; sourceTree = "<group>"; };
		AB5D3B3A2A30A00BA748CD62 /* Pods_UpperDeck.framework */ = {isa = PBXFileReference; explicitFileType = wrapper.framework; includeInIndex = 0; path = Pods_UpperDeck.framework; sourceTree = BUILT_PRODUCTS_DIR; };
/* End PBXFileReference section */

/* Begin PBXFrameworksBuildPhase section */
		32BC24571F075CEF008661BD /* Frameworks */ = {
			isa = PBXFrameworksBuildPhase;
			buildActionMask = 2147483647;
			files = (
				32F00A8C1F10E8080094E956 /* AddressBook.framework in Frameworks */,
				32F00A8A1F10E7FB0094E956 /* SystemConfiguration.framework in Frameworks */,
				32F00A881F10E7F10094E956 /* StoreKit.framework in Frameworks */,
				4457AB8D60F1BABADFC431EE /* Pods_UpperDeck.framework in Frameworks */,
			);
			runOnlyForDeploymentPostprocessing = 0;
		};
/* End PBXFrameworksBuildPhase section */

/* Begin PBXGroup section */
		32BC24511F075CEF008661BD = {
			isa = PBXGroup;
			children = (
				32BC245C1F075CEF008661BD /* UpperDeck */,
				32BC245B1F075CEF008661BD /* Products */,
				990B620025734744C112B27E /* Pods */,
				B4ACDBBF33059DA216B35907 /* Frameworks */,
			);
			sourceTree = "<group>";
		};
		32BC245B1F075CEF008661BD /* Products */ = {
			isa = PBXGroup;
			children = (
				32BC245A1F075CEF008661BD /* UpperDeck.app */,
			);
			name = Products;
			sourceTree = "<group>";
		};
		32BC245C1F075CEF008661BD /* UpperDeck */ = {
			isa = PBXGroup;
			children = (
				324397F81F2611B4008F4A3F /* Assets.xcassets */,
				324397F91F2611B4008F4A3F /* GoogleService-Info.plist */,
				324397F61F25E587008F4A3F /* Info.plist */,
				324397F51F25E54F008F4A3F /* UpperDeck-Bridging-Header.h */,
				32E44E6A1F2481C0003048C0 /* Home Delivery */,
				32E44E691F2481B0003048C0 /* Booking */,
				32E44E681F248197003048C0 /* Main */,
				32E44E671F248179003048C0 /* Login */,
				32E44E661F24816A003048C0 /* Webservice */,
				32E44E651F248130003048C0 /* Home */,
				32BC245D1F075CEF008661BD /* AppDelegate.swift */,
				32BC24611F075CEF008661BD /* Main.storyboard */,
				32BC24661F075CEF008661BD /* LaunchScreen.storyboard */,
			);
			path = UpperDeck;
			sourceTree = "<group>";
		};
		32E44E651F248130003048C0 /* Home */ = {
			isa = PBXGroup;
			children = (
				324397E81F25E39D008F4A3F /* UDHomeViewController.swift */,
				324397E91F25E39D008F4A3F /* UDDishCollectionViewCell.swift */,
			);
			name = Home;
			sourceTree = "<group>";
		};
		32E44E661F24816A003048C0 /* Webservice */ = {
			isa = PBXGroup;
			children = (
				324397E61F25E376008F4A3F /* UDWebserviceConnection.swift */,
			);
			name = Webservice;
			sourceTree = "<group>";
		};
		32E44E671F248179003048C0 /* Login */ = {
			isa = PBXGroup;
			children = (
				324397E41F25E356008F4A3F /* LoginViewController.swift */,
			);
			name = Login;
			sourceTree = "<group>";
		};
		32E44E681F248197003048C0 /* Main */ = {
			isa = PBXGroup;
			children = (
				324397E01F25E338008F4A3F /* UDMainViewController.swift */,
				324397E11F25E338008F4A3F /* UDMainNavigationViewController.swift */,
			);
			name = Main;
			sourceTree = "<group>";
		};
		32E44E691F2481B0003048C0 /* Booking */ = {
			isa = PBXGroup;
			children = (
				32FB7D571F27B31900B73466 /* UDFacilitiesBookingTableViewCell.xib */,
				324397DE1F25E312008F4A3F /* UDBookingViewController.swift */,
				32FB7D551F27AE9C00B73466 /* UDFacilitiesBookingTableViewCell.swift */,
			);
			name = Booking;
			sourceTree = "<group>";
		};
		32E44E6A1F2481C0003048C0 /* Home Delivery */ = {
			isa = PBXGroup;
			children = (
				324397DC1F25E2EB008F4A3F /* UDHomeDeliveryViewController.swift */,
			);
			name = "Home Delivery";
			sourceTree = "<group>";
		};
		990B620025734744C112B27E /* Pods */ = {
			isa = PBXGroup;
			children = (
				0FA42193346343DFC9EB04E9 /* Pods-UpperDeck.debug.xcconfig */,
				31DC48FA4510581EE9A8A2DA /* Pods-UpperDeck.release.xcconfig */,
			);
			name = Pods;
			sourceTree = "<group>";
		};
		B4ACDBBF33059DA216B35907 /* Frameworks */ = {
			isa = PBXGroup;
			children = (
				32F00A8B1F10E8080094E956 /* AddressBook.framework */,
				32F00A891F10E7FB0094E956 /* SystemConfiguration.framework */,
				32F00A871F10E7F10094E956 /* StoreKit.framework */,
				AB5D3B3A2A30A00BA748CD62 /* Pods_UpperDeck.framework */,
			);
			name = Frameworks;
			sourceTree = "<group>";
		};
/* End PBXGroup section */

/* Begin PBXNativeTarget section */
		32BC24591F075CEF008661BD /* UpperDeck */ = {
			isa = PBXNativeTarget;
			buildConfigurationList = 32BC246C1F075CEF008661BD /* Build configuration list for PBXNativeTarget "UpperDeck" */;
			buildPhases = (
				6187ECD75496BC0C037DB4FA /* [CP] Check Pods Manifest.lock */,
				32BC24561F075CEF008661BD /* Sources */,
				32BC24571F075CEF008661BD /* Frameworks */,
				32BC24581F075CEF008661BD /* Resources */,
				FF1EF78835D7D0BFF1CFF585 /* [CP] Embed Pods Frameworks */,
				C828EFEDBA4D0D4443FD2628 /* [CP] Copy Pods Resources */,
			);
			buildRules = (
			);
			dependencies = (
			);
			name = UpperDeck;
			productName = UpperDeck;
			productReference = 32BC245A1F075CEF008661BD /* UpperDeck.app */;
			productType = "com.apple.product-type.application";
		};
/* End PBXNativeTarget section */

/* Begin PBXProject section */
		32BC24521F075CEF008661BD /* Project object */ = {
			isa = PBXProject;
			attributes = {
				LastSwiftUpdateCheck = 0810;
				LastUpgradeCheck = 0830;
				ORGANIZATIONNAME = Sai;
				TargetAttributes = {
					32BC24591F075CEF008661BD = {
						CreatedOnToolsVersion = 8.1;
						DevelopmentTeam = 985XLAHH4B;
						LastSwiftMigration = 0810;
						ProvisioningStyle = Manual;
					};
				};
			};
			buildConfigurationList = 32BC24551F075CEF008661BD /* Build configuration list for PBXProject "UpperDeck" */;
			compatibilityVersion = "Xcode 3.2";
			developmentRegion = English;
			hasScannedForEncodings = 0;
			knownRegions = (
				en,
				Base,
			);
			mainGroup = 32BC24511F075CEF008661BD;
			productRefGroup = 32BC245B1F075CEF008661BD /* Products */;
			projectDirPath = "";
			projectRoot = "";
			targets = (
				32BC24591F075CEF008661BD /* UpperDeck */,
			);
		};
/* End PBXProject section */

/* Begin PBXResourcesBuildPhase section */
		32BC24581F075CEF008661BD /* Resources */ = {
			isa = PBXResourcesBuildPhase;
			buildActionMask = 2147483647;
			files = (
				32BC24681F075CEF008661BD /* LaunchScreen.storyboard in Resources */,
				324397F71F25E587008F4A3F /* Info.plist in Resources */,
				324397FB1F2611B4008F4A3F /* GoogleService-Info.plist in Resources */,
				324397FA1F2611B4008F4A3F /* Assets.xcassets in Resources */,
				32BC24631F075CEF008661BD /* Main.storyboard in Resources */,
				32FB7D581F27B31900B73466 /* UDFacilitiesBookingTableViewCell.xib in Resources */,
			);
			runOnlyForDeploymentPostprocessing = 0;
		};
/* End PBXResourcesBuildPhase section */

/* Begin PBXShellScriptBuildPhase section */
		6187ECD75496BC0C037DB4FA /* [CP] Check Pods Manifest.lock */ = {
			isa = PBXShellScriptBuildPhase;
			buildActionMask = 2147483647;
			files = (
			);
			inputPaths = (
			);
			name = "[CP] Check Pods Manifest.lock";
			outputPaths = (
			);
			runOnlyForDeploymentPostprocessing = 0;
			shellPath = /bin/sh;
			shellScript = "diff \"${PODS_PODFILE_DIR_PATH}/Podfile.lock\" \"${PODS_ROOT}/Manifest.lock\" > /dev/null\nif [ $? != 0 ] ; then\n    # print error to STDERR\n    echo \"error: The sandbox is not in sync with the Podfile.lock. Run 'pod install' or update your CocoaPods installation.\" >&2\n    exit 1\nfi\n";
			showEnvVarsInLog = 0;
		};
		C828EFEDBA4D0D4443FD2628 /* [CP] Copy Pods Resources */ = {
			isa = PBXShellScriptBuildPhase;
			buildActionMask = 2147483647;
			files = (
			);
			inputPaths = (
			);
			name = "[CP] Copy Pods Resources";
			outputPaths = (
			);
			runOnlyForDeploymentPostprocessing = 0;
			shellPath = /bin/sh;
			shellScript = "\"${SRCROOT}/Pods/Target Support Files/Pods-UpperDeck/Pods-UpperDeck-resources.sh\"\n";
			showEnvVarsInLog = 0;
		};
		FF1EF78835D7D0BFF1CFF585 /* [CP] Embed Pods Frameworks */ = {
			isa = PBXShellScriptBuildPhase;
			buildActionMask = 2147483647;
			files = (
			);
			inputPaths = (
			);
			name = "[CP] Embed Pods Frameworks";
			outputPaths = (
			);
			runOnlyForDeploymentPostprocessing = 0;
			shellPath = /bin/sh;
			shellScript = "\"${SRCROOT}/Pods/Target Support Files/Pods-UpperDeck/Pods-UpperDeck-frameworks.sh\"\n";
			showEnvVarsInLog = 0;
		};
/* End PBXShellScriptBuildPhase section */

/* Begin PBXSourcesBuildPhase section */
		32BC24561F075CEF008661BD /* Sources */ = {
			isa = PBXSourcesBuildPhase;
			buildActionMask = 2147483647;
			files = (
				324397E51F25E356008F4A3F /* LoginViewController.swift in Sources */,
				324397E21F25E338008F4A3F /* UDMainViewController.swift in Sources */,
				324397E31F25E338008F4A3F /* UDMainNavigationViewController.swift in Sources */,
				32BC245E1F075CEF008661BD /* AppDelegate.swift in Sources */,
				324397DF1F25E312008F4A3F /* UDBookingViewController.swift in Sources */,
				324397DD1F25E2EB008F4A3F /* UDHomeDeliveryViewController.swift in Sources */,
				324397EA1F25E39D008F4A3F /* UDHomeViewController.swift in Sources */,
				324397EB1F25E39D008F4A3F /* UDDishCollectionViewCell.swift in Sources */,
				324397E71F25E376008F4A3F /* UDWebserviceConnection.swift in Sources */,
				32FB7D561F27AE9C00B73466 /* UDFacilitiesBookingTableViewCell.swift in Sources */,
			);
			runOnlyForDeploymentPostprocessing = 0;
		};
/* End PBXSourcesBuildPhase section */

/* Begin PBXVariantGroup section */
		32BC24611F075CEF008661BD /* Main.storyboard */ = {
			isa = PBXVariantGroup;
			children = (
				32BC24621F075CEF008661BD /* Base */,
			);
			name = Main.storyboard;
			sourceTree = "<group>";
		};
		32BC24661F075CEF008661BD /* LaunchScreen.storyboard */ = {
			isa = PBXVariantGroup;
			children = (
				32BC24671F075CEF008661BD /* Base */,
			);
			name = LaunchScreen.storyboard;
			sourceTree = "<group>";
		};
/* End PBXVariantGroup section */

/* Begin XCBuildConfiguration section */
		32BC246A1F075CEF008661BD /* Debug */ = {
			isa = XCBuildConfiguration;
			buildSettings = {
				ALWAYS_SEARCH_USER_PATHS = NO;
				CLANG_ANALYZER_NONNULL = YES;
				CLANG_CXX_LANGUAGE_STANDARD = "gnu++0x";
				CLANG_CXX_LIBRARY = "libc++";
				CLANG_ENABLE_MODULES = YES;
				CLANG_ENABLE_OBJC_ARC = YES;
				CLANG_WARN_BOOL_CONVERSION = YES;
				CLANG_WARN_CONSTANT_CONVERSION = YES;
				CLANG_WARN_DIRECT_OBJC_ISA_USAGE = YES_ERROR;
				CLANG_WARN_DOCUMENTATION_COMMENTS = YES;
				CLANG_WARN_EMPTY_BODY = YES;
				CLANG_WARN_ENUM_CONVERSION = YES;
				CLANG_WARN_INFINITE_RECURSION = YES;
				CLANG_WARN_INT_CONVERSION = YES;
				CLANG_WARN_OBJC_ROOT_CLASS = YES_ERROR;
				CLANG_WARN_SUSPICIOUS_MOVE = YES;
				CLANG_WARN_SUSPICIOUS_MOVES = YES;
				CLANG_WARN_UNREACHABLE_CODE = YES;
				CLANG_WARN__DUPLICATE_METHOD_MATCH = YES;
				"CODE_SIGN_IDENTITY[sdk=iphoneos*]" = "iPhone Developer";
				COPY_PHASE_STRIP = NO;
				DEBUG_INFORMATION_FORMAT = dwarf;
				ENABLE_STRICT_OBJC_MSGSEND = YES;
				ENABLE_TESTABILITY = YES;
				GCC_C_LANGUAGE_STANDARD = gnu99;
				GCC_DYNAMIC_NO_PIC = NO;
				GCC_NO_COMMON_BLOCKS = YES;
				GCC_OPTIMIZATION_LEVEL = 0;
				GCC_PREPROCESSOR_DEFINITIONS = (
					"DEBUG=1",
					"$(inherited)",
				);
				GCC_WARN_64_TO_32_BIT_CONVERSION = YES;
				GCC_WARN_ABOUT_RETURN_TYPE = YES_ERROR;
				GCC_WARN_UNDECLARED_SELECTOR = YES;
				GCC_WARN_UNINITIALIZED_AUTOS = YES_AGGRESSIVE;
				GCC_WARN_UNUSED_FUNCTION = YES;
				GCC_WARN_UNUSED_VARIABLE = YES;
				IPHONEOS_DEPLOYMENT_TARGET = 10.1;
				MTL_ENABLE_DEBUG_INFO = YES;
				ONLY_ACTIVE_ARCH = YES;
				SDKROOT = iphoneos;
				SWIFT_ACTIVE_COMPILATION_CONDITIONS = DEBUG;
				SWIFT_OPTIMIZATION_LEVEL = "-Onone";
				TARGETED_DEVICE_FAMILY = "1,2";
			};
			name = Debug;
		};
		32BC246B1F075CEF008661BD /* Release */ = {
			isa = XCBuildConfiguration;
			buildSettings = {
				ALWAYS_SEARCH_USER_PATHS = NO;
				CLANG_ANALYZER_NONNULL = YES;
				CLANG_CXX_LANGUAGE_STANDARD = "gnu++0x";
				CLANG_CXX_LIBRARY = "libc++";
				CLANG_ENABLE_MODULES = YES;
				CLANG_ENABLE_OBJC_ARC = YES;
				CLANG_WARN_BOOL_CONVERSION = YES;
				CLANG_WARN_CONSTANT_CONVERSION = YES;
				CLANG_WARN_DIRECT_OBJC_ISA_USAGE = YES_ERROR;
				CLANG_WARN_DOCUMENTATION_COMMENTS = YES;
				CLANG_WARN_EMPTY_BODY = YES;
				CLANG_WARN_ENUM_CONVERSION = YES;
				CLANG_WARN_INFINITE_RECURSION = YES;
				CLANG_WARN_INT_CONVERSION = YES;
				CLANG_WARN_OBJC_ROOT_CLASS = YES_ERROR;
				CLANG_WARN_SUSPICIOUS_MOVE = YES;
				CLANG_WARN_SUSPICIOUS_MOVES = YES;
				CLANG_WARN_UNREACHABLE_CODE = YES;
				CLANG_WARN__DUPLICATE_METHOD_MATCH = YES;
				"CODE_SIGN_IDENTITY[sdk=iphoneos*]" = "iPhone Developer";
				COPY_PHASE_STRIP = NO;
				DEBUG_INFORMATION_FORMAT = "dwarf-with-dsym";
				ENABLE_NS_ASSERTIONS = NO;
				ENABLE_STRICT_OBJC_MSGSEND = YES;
				GCC_C_LANGUAGE_STANDARD = gnu99;
				GCC_NO_COMMON_BLOCKS = YES;
				GCC_WARN_64_TO_32_BIT_CONVERSION = YES;
				GCC_WARN_ABOUT_RETURN_TYPE = YES_ERROR;
				GCC_WARN_UNDECLARED_SELECTOR = YES;
				GCC_WARN_UNINITIALIZED_AUTOS = YES_AGGRESSIVE;
				GCC_WARN_UNUSED_FUNCTION = YES;
				GCC_WARN_UNUSED_VARIABLE = YES;
				IPHONEOS_DEPLOYMENT_TARGET = 10.1;
				MTL_ENABLE_DEBUG_INFO = NO;
				SDKROOT = iphoneos;
				SWIFT_OPTIMIZATION_LEVEL = "-Owholemodule";
				TARGETED_DEVICE_FAMILY = "1,2";
				VALIDATE_PRODUCT = YES;
			};
			name = Release;
		};
		32BC246D1F075CEF008661BD /* Debug */ = {
			isa = XCBuildConfiguration;
			baseConfigurationReference = 0FA42193346343DFC9EB04E9 /* Pods-UpperDeck.debug.xcconfig */;
			buildSettings = {
				ASSETCATALOG_COMPILER_APPICON_NAME = AppIcon;
				CLANG_ENABLE_MODULES = YES;
				"CODE_SIGN_IDENTITY[sdk=iphoneos*]" = "iPhone Developer";
				DEVELOPMENT_TEAM = 985XLAHH4B;
				INFOPLIST_FILE = UpperDeck/Info.plist;
				IPHONEOS_DEPLOYMENT_TARGET = 9.0;
				LD_RUNPATH_SEARCH_PATHS = "$(inherited) @executable_path/Frameworks";
				PRODUCT_BUNDLE_IDENTIFIER = com.upperdeck.upperdeck;
				PRODUCT_NAME = "$(TARGET_NAME)";
				PROVISIONING_PROFILE = "92a84e7a-693c-47ca-9e62-1ea7ce241d70";
				PROVISIONING_PROFILE_SPECIFIER = Upperdeck_Dev_Profile;
				SWIFT_OBJC_BRIDGING_HEADER = "UpperDeck/UpperDeck-Bridging-Header.h";
				SWIFT_OPTIMIZATION_LEVEL = "-Onone";
				SWIFT_VERSION = 3.0;
			};
			name = Debug;
		};
		32BC246E1F075CEF008661BD /* Release */ = {
			isa = XCBuildConfiguration;
			baseConfigurationReference = 31DC48FA4510581EE9A8A2DA /* Pods-UpperDeck.release.xcconfig */;
			buildSettings = {
				ASSETCATALOG_COMPILER_APPICON_NAME = AppIcon;
				CLANG_ENABLE_MODULES = YES;
				"CODE_SIGN_IDENTITY[sdk=iphoneos*]" = "iPhone Developer";
				DEVELOPMENT_TEAM = 985XLAHH4B;
				INFOPLIST_FILE = UpperDeck/Info.plist;
				IPHONEOS_DEPLOYMENT_TARGET = 9.0;
				LD_RUNPATH_SEARCH_PATHS = "$(inherited) @executable_path/Frameworks";
				PRODUCT_BUNDLE_IDENTIFIER = com.upperdeck.upperdeck;
				PRODUCT_NAME = "$(TARGET_NAME)";
				PROVISIONING_PROFILE = "92a84e7a-693c-47ca-9e62-1ea7ce241d70";
				PROVISIONING_PROFILE_SPECIFIER = Upperdeck_Dev_Profile;
				SWIFT_OBJC_BRIDGING_HEADER = "UpperDeck/UpperDeck-Bridging-Header.h";
				SWIFT_VERSION = 3.0;
			};
			name = Release;
		};
/* End XCBuildConfiguration section */

/* Begin XCConfigurationList section */
		32BC24551F075CEF008661BD /* Build configuration list for PBXProject "UpperDeck" */ = {
			isa = XCConfigurationList;
			buildConfigurations = (
				32BC246A1F075CEF008661BD /* Debug */,
				32BC246B1F075CEF008661BD /* Release */,
			);
			defaultConfigurationIsVisible = 0;
			defaultConfigurationName = Release;
		};
		32BC246C1F075CEF008661BD /* Build configuration list for PBXNativeTarget "UpperDeck" */ = {
			isa = XCConfigurationList;
			buildConfigurations = (
				32BC246D1F075CEF008661BD /* Debug */,
				32BC246E1F075CEF008661BD /* Release */,
			);
			defaultConfigurationIsVisible = 0;
			defaultConfigurationName = Release;
		};
/* End XCConfigurationList section */
	};
	rootObject = 32BC24521F075CEF008661BD /* Project object */;
}
